
Microsoft Visual Studio Solution File, Format Version 12.00
Project("{FAE04EC0-301F-11D3-BF4B-00C04F79EFBC}") = "Json.NET", "Json.NET\Json.NET.csproj", "{41DA0820-D49D-4731-A274-13DCE3318BF1}"
EndProject
Project("{FAE04EC0-301F-11D3-BF4B-00C04F79EFBC}") = "Serilog.Console", "Serilog.Console\Serilog.Console.csproj", "{1054C1A9-9D6D-441B-9A0A-A964B486A2D1}"
EndProject
Project("{FAE04EC0-301F-11D3-BF4B-00C04F79EFBC}") = "Serilog.ASP.NET", "Serilog.ASP.NET\Serilog.ASP.NET.csproj", "{8A7415E8-4A05-4D03-83DE-C78E220302EF}"
EndProject
Project("{FAE04EC0-301F-11D3-BF4B-00C04F79EFBC}") = "AutoMapper.Example", "AutoMapper.Example\AutoMapper.Example.csproj", "{D5C79820-8B77-4BC2-ACA7-E79256CF4D94}"
EndProject
Project("{2150E333-8FDC-42A3-9474-1A3956D46DE8}") = "Json", "Json", "{B5ED4408-3417-42E6-BB9A-4EFCF0EA2A63}"
EndProject
Project("{2150E333-8FDC-42A3-9474-1A3956D46DE8}") = "Logs", "Logs", "{C0C79222-3662-43B4-9DCF-5B7CB7BE05B2}"
EndProject
Project("{2150E333-8FDC-42A3-9474-1A3956D46DE8}") = "Mapping", "Mapping", "{DEFD2611-BEA0-45E1-A5CC-CCC6CC47A3E1}"
EndProject
Project("{FAE04EC0-301F-11D3-BF4B-00C04F79EFBC}") = "Mapster.Example", "Mapster.Example\Mapster.Example.csproj", "{865CC734-504F-4FAB-AB8F-8E8DD975582D}"
EndProject
Project("{2150E333-8FDC-42A3-9474-1A3956D46DE8}") = "Swagger", "Swagger", "{3CD97B55-1F4C-47C4-B45F-1F495E666963}"
EndProject
Project("{FAE04EC0-301F-11D3-BF4B-00C04F79EFBC}") = "Swagger.Example", "Swagger.Example\Swagger.Example.csproj", "{84B733DC-0974-45A6-9BBE-57255ABF4445}"
EndProject
Project("{2150E333-8FDC-42A3-9474-1A3956D46DE8}") = "Junior", "Junior", "{5BDEB9F0-AFF8-4873-A573-85BDB8DE567A}"
EndProject
Project("{FAE04EC0-301F-11D3-BF4B-00C04F79EFBC}") = "Builtin.System.Text.Json", "Builtin.System.Text.Json\Builtin.System.Text.Json.csproj", "{F1E76CEE-C973-4436-A889-929ECEAB4D08}"
EndProject
Project("{2150E333-8FDC-42A3-9474-1A3956D46DE8}") = "Middle", "Middle", "{461F8C98-CF19-41EC-88F2-22AE79F24432}"
EndProject
Global
	GlobalSection(SolutionConfigurationPlatforms) = preSolution
		Debug|Any CPU = Debug|Any CPU
		Release|Any CPU = Release|Any CPU
	EndGlobalSection
	GlobalSection(ProjectConfigurationPlatforms) = postSolution
		{BEA434E8-EEC0-4CF8-8C6F-532D2A6A07C0}.Debug|Any CPU.ActiveCfg = Debug|Any CPU
		{BEA434E8-EEC0-4CF8-8C6F-532D2A6A07C0}.Debug|Any CPU.Build.0 = Debug|Any CPU
		{BEA434E8-EEC0-4CF8-8C6F-532D2A6A07C0}.Release|Any CPU.ActiveCfg = Release|Any CPU
		{BEA434E8-EEC0-4CF8-8C6F-532D2A6A07C0}.Release|Any CPU.Build.0 = Release|Any CPU
		{41DA0820-D49D-4731-A274-13DCE3318BF1}.Debug|Any CPU.ActiveCfg = Debug|Any CPU
		{41DA0820-D49D-4731-A274-13DCE3318BF1}.Debug|Any CPU.Build.0 = Debug|Any CPU
		{41DA0820-D49D-4731-A274-13DCE3318BF1}.Release|Any CPU.ActiveCfg = Release|Any CPU
		{41DA0820-D49D-4731-A274-13DCE3318BF1}.Release|Any CPU.Build.0 = Release|Any CPU
		{1054C1A9-9D6D-441B-9A0A-A964B486A2D1}.Debug|Any CPU.ActiveCfg = Debug|Any CPU
		{1054C1A9-9D6D-441B-9A0A-A964B486A2D1}.Debug|Any CPU.Build.0 = Debug|Any CPU
		{1054C1A9-9D6D-441B-9A0A-A964B486A2D1}.Release|Any CPU.ActiveCfg = Release|Any CPU
		{1054C1A9-9D6D-441B-9A0A-A964B486A2D1}.Release|Any CPU.Build.0 = Release|Any CPU
		{8A7415E8-4A05-4D03-83DE-C78E220302EF}.Debug|Any CPU.ActiveCfg = Debug|Any CPU
		{8A7415E8-4A05-4D03-83DE-C78E220302EF}.Debug|Any CPU.Build.0 = Debug|Any CPU
		{8A7415E8-4A05-4D03-83DE-C78E220302EF}.Release|Any CPU.ActiveCfg = Release|Any CPU
		{8A7415E8-4A05-4D03-83DE-C78E220302EF}.Release|Any CPU.Build.0 = Release|Any CPU
		{D5C79820-8B77-4BC2-ACA7-E79256CF4D94}.Debug|Any CPU.ActiveCfg = Debug|Any CPU
		{D5C79820-8B77-4BC2-ACA7-E79256CF4D94}.Debug|Any CPU.Build.0 = Debug|Any CPU
		{D5C79820-8B77-4BC2-ACA7-E79256CF4D94}.Release|Any CPU.ActiveCfg = Release|Any CPU
		{D5C79820-8B77-4BC2-ACA7-E79256CF4D94}.Release|Any CPU.Build.0 = Release|Any CPU
		{865CC734-504F-4FAB-AB8F-8E8DD975582D}.Debug|Any CPU.ActiveCfg = Debug|Any CPU
		{865CC734-504F-4FAB-AB8F-8E8DD975582D}.Debug|Any CPU.Build.0 = Debug|Any CPU
		{865CC734-504F-4FAB-AB8F-8E8DD975582D}.Release|Any CPU.ActiveCfg = Release|Any CPU
		{865CC734-504F-4FAB-AB8F-8E8DD975582D}.Release|Any CPU.Build.0 = Release|Any CPU
		{84B733DC-0974-45A6-9BBE-57255ABF4445}.Debug|Any CPU.ActiveCfg = Debug|Any CPU
		{84B733DC-0974-45A6-9BBE-57255ABF4445}.Debug|Any CPU.Build.0 = Debug|Any CPU
		{84B733DC-0974-45A6-9BBE-57255ABF4445}.Release|Any CPU.ActiveCfg = Release|Any CPU
		{84B733DC-0974-45A6-9BBE-57255ABF4445}.Release|Any CPU.Build.0 = Release|Any CPU
		{F1E76CEE-C973-4436-A889-929ECEAB4D08}.Debug|Any CPU.ActiveCfg = Debug|Any CPU
		{F1E76CEE-C973-4436-A889-929ECEAB4D08}.Debug|Any CPU.Build.0 = Debug|Any CPU
		{F1E76CEE-C973-4436-A889-929ECEAB4D08}.Release|Any CPU.ActiveCfg = Release|Any CPU
		{F1E76CEE-C973-4436-A889-929ECEAB4D08}.Release|Any CPU.Build.0 = Release|Any CPU
	EndGlobalSection
	GlobalSection(NestedProjects) = preSolution
		{41DA0820-D49D-4731-A274-13DCE3318BF1} = {B5ED4408-3417-42E6-BB9A-4EFCF0EA2A63}
		{1054C1A9-9D6D-441B-9A0A-A964B486A2D1} = {C0C79222-3662-43B4-9DCF-5B7CB7BE05B2}
		{8A7415E8-4A05-4D03-83DE-C78E220302EF} = {C0C79222-3662-43B4-9DCF-5B7CB7BE05B2}
		{D5C79820-8B77-4BC2-ACA7-E79256CF4D94} = {DEFD2611-BEA0-45E1-A5CC-CCC6CC47A3E1}
		{865CC734-504F-4FAB-AB8F-8E8DD975582D} = {DEFD2611-BEA0-45E1-A5CC-CCC6CC47A3E1}
		{84B733DC-0974-45A6-9BBE-57255ABF4445} = {3CD97B55-1F4C-47C4-B45F-1F495E666963}
		{B5ED4408-3417-42E6-BB9A-4EFCF0EA2A63} = {5BDEB9F0-AFF8-4873-A573-85BDB8DE567A}
		{C0C79222-3662-43B4-9DCF-5B7CB7BE05B2} = {5BDEB9F0-AFF8-4873-A573-85BDB8DE567A}
		{DEFD2611-BEA0-45E1-A5CC-CCC6CC47A3E1} = {5BDEB9F0-AFF8-4873-A573-85BDB8DE567A}
		{3CD97B55-1F4C-47C4-B45F-1F495E666963} = {5BDEB9F0-AFF8-4873-A573-85BDB8DE567A}
		{F1E76CEE-C973-4436-A889-929ECEAB4D08} = {B5ED4408-3417-42E6-BB9A-4EFCF0EA2A63}
	EndGlobalSection
EndGlobal
